# This file is automatically @generated by Poetry and should not be changed by hand.

[[package]]
name = "exencolor"
version = "1.1.3"
description = "A modern module for colored output."
category = "main"
optional = false
python-versions = ">=3.10,<4.0"
files = [
    {file = "exencolor-1.1.3-py3-none-any.whl", hash = "sha256:7f59c558bf4937443a27b15e6ff2245280ede6e1eeccbac95dae21b53330bef5"},
    {file = "exencolor-1.1.3.tar.gz", hash = "sha256:248e12759db8c5c6d9a120699fdda61932b41c36f984fccfdbcd7c03ad1ae5fa"},
]

[metadata]
lock-version = "2.0"
python-versions = "^3.10"
content-hash = "5889239f594659be0deecab24b1505b56ab0f73b93c5e0d16429755284f8d3c6"
