[[package]]
name = "exencolor"
version = "1.1.1"
description = "A modern module for colored output."
category = "main"
optional = false
python-versions = ">=3.10,<4.0"

[metadata]
lock-version = "1.1"
python-versions = "^3.10"
content-hash = "e2541e7c9efa34e566a205541ec5ce534390472d9bba0363f6792f86c2ad4816"

[metadata.files]
exencolor = []
